{
  "nodes": {
    "home-manager": {
      "inputs": {
        "nixpkgs": [
          "nixpkgs"
        ]
      },
      "locked": {
        "lastModified": 1690800216,
        "narHash": "sha256-Y1TNq9OZKW57W6ECdW3JkPUlgoURTMgCc7WT0cHfSWQ=",
        "owner": "nix-community",
        "repo": "home-manager",
        "rev": "3db43afcb4a755221530ff821ec4ac30eca77033",
        "type": "github"
      },
      "original": {
        "owner": "nix-community",
        "repo": "home-manager",
        "type": "github"
      }
    },
    "nixpkgs": {
      "locked": {
        "lastModified": 1690726002,
        "narHash": "sha256-cACz6jCJZtsZHGCJAN4vMobxzH5s6FCOTZHMrh/Hu0M=",
        "owner": "nixos",
        "repo": "nixpkgs",
        "rev": "391e8db1f06c3f74c2d313a73135515023af3993",
        "type": "github"
      },
      "original": {
        "owner": "nixos",
        "ref": "nixos-23.05",
        "repo": "nixpkgs",
        "type": "github"
      }
    },
    "root": {
      "inputs": {
        "home-manager": "home-manager",
        "nixpkgs": "nixpkgs"
      }
    }
  },
  "root": "root",
  "version": 7
}
